// !$*UTF8*$!
{
	archiveVersion = 1;
	classes = {
	};
	objectVersion = 46;
	objects = {

/* Begin PBXBuildFile section */
		21A3A4E71D108AEC005A7689 /* AppDelegate.swift in Sources */ = {isa = PBXBuildFile; fileRef = 21A3A4E61D108AEC005A7689 /* AppDelegate.swift */; };
		21A3A4E91D108AEC005A7689 /* ViewController.swift in Sources */ = {isa = PBXBuildFile; fileRef = 21A3A4E81D108AEC005A7689 /* ViewController.swift */; };
		21A3A4EC1D108AEC005A7689 /* Main.storyboard in Resources */ = {isa = PBXBuildFile; fileRef = 21A3A4EA1D108AEC005A7689 /* Main.storyboard */; };
		21A3A4EE1D108AEC005A7689 /* Assets.xcassets in Resources */ = {isa = PBXBuildFile; fileRef = 21A3A4ED1D108AEC005A7689 /* Assets.xcassets */; };
		21A3A4F11D108AEC005A7689 /* LaunchScreen.storyboard in Resources */ = {isa = PBXBuildFile; fileRef = 21A3A4EF1D108AEC005A7689 /* LaunchScreen.storyboard */; };
/* End PBXBuildFile section */

/* Begin PBXFileReference section */
		21A3A4E31D108AEC005A7689 /* gitTest.app */ = {isa = PBXFileReference; explicitFileType = wrapper.application; includeInIndex = 0; path = gitTest.app; sourceTree = BUILT_PRODUCTS_DIR; };
		21A3A4E61D108AEC005A7689 /* AppDelegate.swift */ = {isa = PBXFileReference; lastKnownFileType = sourcecode.swift; path = AppDelegate.swift; sourceTree = "<group>"; };
		21A3A4E81D108AEC005A7689 /* ViewController.swift */ = {isa = PBXFileReference; lastKnownFileType = sourcecode.swift; path = ViewController.swift; sourceTree = "<group>"; };
		21A3A4EB1D108AEC005A7689 /* Base */ = {isa = PBXFileReference; lastKnownFileType = file.storyboard; name = Base; path = Base.lproj/Main.storyboard; sourceTree = "<group>"; };
		21A3A4ED1D108AEC005A7689 /* Assets.xcassets */ = {isa = PBXFileReference; lastKnownFileType = folder.assetcatalog; path = Assets.xcassets; sourceTree = "<group>"; };
		21A3A4F01D108AEC005A7689 /* Base */ = {isa = PBXFileReference; lastKnownFileType = file.storyboard; name = Base; path = Base.lproj/LaunchScreen.storyboard; sourceTree = "<group>"; };
		21A3A4F21D108AEC005A7689 /* Info.plist */ = {isa = PBXFileReference; lastKnownFileType = text.plist.xml; path = Info.plist; sourceTree = "<group>"; };
/* End PBXFileReference section */

/* Begin PBXFrameworksBuildPhase section */
		21A3A4E01D108AEC005A7689 /* Frameworks */ = {
			isa = PBXFrameworksBuildPhase;
			buildActionMask = 2147483647;
			files = (
			);
			runOnlyForDeploymentPostprocessing = 0;
		};
/* End PBXFrameworksBuildPhase section */

/* Begin PBXGroup section */
		21A3A4DA1D108AEC005A7689 = {
			isa = PBXGroup;
			children = (
				21A3A4E51D108AEC005A7689 /* gitTest */,
				21A3A4E41D108AEC005A7689 /* Products */,
			);
			sourceTree = "<group>";
		};
		21A3A4E41D108AEC005A7689 /* Products */ = {
			isa = PBXGroup;
			children = (
				21A3A4E31D108AEC005A7689 /* gitTest.app */,
			);
			name = Products;
			sourceTree = "<group>";
		};
		21A3A4E51D108AEC005A7689 /* gitTest */ = {
			isa = PBXGroup;
			children = (
				21A3A4E61D108AEC005A7689 /* AppDelegate.swift */,
				21A3A4E81D108AEC005A7689 /* ViewController.swift */,
				21A3A4EA1D108AEC005A7689 /* Main.storyboard */,
				21A3A4ED1D108AEC005A7689 /* Assets.xcassets */,
				21A3A4EF1D108AEC005A7689 /* LaunchScreen.storyboard */,
				21A3A4F21D108AEC005A7689 /* Info.plist */,
			);
			path = gitTest;
			sourceTree = "<group>";
		};
/* End PBXGroup section */

/* Begin PBXNativeTarget section */
		21A3A4E21D108AEC005A7689 /* gitTest */ = {
			isa = PBXNativeTarget;
			buildConfigurationList = 21A3A4F51D108AEC005A7689 /* Build configuration list for PBXNativeTarget "gitTest" */;
			buildPhases = (
				21A3A4DF1D108AEC005A7689 /* Sources */,
				21A3A4E01D108AEC005A7689 /* Frameworks */,
				21A3A4E11D108AEC005A7689 /* Resources */,
			);
			buildRules = (
			);
			dependencies = (
			);
			name = gitTest;
			productName = gitTest;
			productReference = 21A3A4E31D108AEC005A7689 /* gitTest.app */;
			productType = "com.apple.product-type.application";
		};
/* End PBXNativeTarget section */

/* Begin PBXProject section */
		21A3A4DB1D108AEC005A7689 /* Project object */ = {
			isa = PBXProject;
			attributes = {
				LastSwiftUpdateCheck = 0730;
				LastUpgradeCheck = 0730;
				ORGANIZATIONNAME = "Ram Datla";
				TargetAttributes = {
					21A3A4E21D108AEC005A7689 = {
						CreatedOnToolsVersion = 7.3.1;
					};
				};
			};
			buildConfigurationList = 21A3A4DE1D108AEC005A7689 /* Build configuration list for PBXProject "gitTest" */;
			compatibilityVersion = "Xcode 3.2";
			developmentRegion = English;
			hasScannedForEncodings = 0;
			knownRegions = (
				en,
				Base,
			);
			mainGroup = 21A3A4DA1D108AEC005A7689;
			productRefGroup = 21A3A4E41D108AEC005A7689 /* Products */;
			projectDirPath = "";
			projectRoot = "";
			targets = (
				21A3A4E21D108AEC005A7689 /* gitTest */,
			);
		};
/* End PBXProject section */

/* Begin PBXResourcesBuildPhase section */
		21A3A4E11D108AEC005A7689 /* Resources */ = {
			isa = PBXResourcesBuildPhase;
			buildActionMask = 2147483647;
			files = (
				21A3A4F11D108AEC005A7689 /* LaunchScreen.storyboard in Resources */,
				21A3A4EE1D108AEC005A7689 /* Assets.xcassets in Resources */,
				21A3A4EC1D108AEC005A7689 /* Main.storyboard in Resources */,
			);
			runOnlyForDeploymentPostprocessing = 0;
		};
/* End PBXResourcesBuildPhase section */

/* Begin PBXSourcesBuildPhase section */
		21A3A4DF1D108AEC005A7689 /* Sources */ = {
			isa = PBXSourcesBuildPhase;
			buildActionMask = 2147483647;
			files = (
				21A3A4E91D108AEC005A7689 /* ViewController.swift in Sources */,
				21A3A4E71D108AEC005A7689 /* AppDelegate.swift in Sources */,
			);
			runOnlyForDeploymentPostprocessing = 0;
		};
/* End PBXSourcesBuildPhase section */

/* Begin PBXVariantGroup section */
		21A3A4EA1D108AEC005A7689 /* Main.storyboard */ = {
			isa = PBXVariantGroup;
			children = (
				21A3A4EB1D108AEC005A7689 /* Base */,
			);
			name = Main.storyboard;
			sourceTree = "<group>";
		};
		21A3A4EF1D108AEC005A7689 /* LaunchScreen.storyboard */ = {
			isa = PBXVariantGroup;
			children = (
				21A3A4F01D108AEC005A7689 /* Base */,
			);
			name = LaunchScreen.storyboard;
			sourceTree = "<group>";
		};
/* End PBXVariantGroup section */

/* Begin XCBuildConfiguration section */
		21A3A4F31D108AEC005A7689 /* Debug */ = {
			isa = XCBuildConfiguration;
			buildSettings = {
				ALWAYS_SEARCH_USER_PATHS = NO;
				CLANG_ANALYZER_NONNULL = YES;
				CLANG_CXX_LANGUAGE_STANDARD = "gnu++0x";
				CLANG_CXX_LIBRARY = "libc++";
				CLANG_ENABLE_MODULES = YES;
				CLANG_ENABLE_OBJC_ARC = YES;
				CLANG_WARN_BOOL_CONVERSION = YES;
				CLANG_WARN_CONSTANT_CONVERSION = YES;
				CLANG_WARN_DIRECT_OBJC_ISA_USAGE = YES_ERROR;
				CLANG_WARN_EMPTY_BODY = YES;
				CLANG_WARN_ENUM_CONVERSION = YES;
				CLANG_WARN_INT_CONVERSION = YES;
				CLANG_WARN_OBJC_ROOT_CLASS = YES_ERROR;
				CLANG_WARN_UNREACHABLE_CODE = YES;
				CLANG_WARN__DUPLICATE_METHOD_MATCH = YES;
				"CODE_SIGN_IDENTITY[sdk=iphoneos*]" = "iPhone Developer";
				COPY_PHASE_STRIP = NO;
				DEBUG_INFORMATION_FORMAT = dwarf;
				ENABLE_STRICT_OBJC_MSGSEND = YES;
				ENABLE_TESTABILITY = YES;
				GCC_C_LANGUAGE_STANDARD = gnu99;
				GCC_DYNAMIC_NO_PIC = NO;
				GCC_NO_COMMON_BLOCKS = YES;
				GCC_OPTIMIZATION_LEVEL = 0;
				GCC_PREPROCESSOR_DEFINITIONS = (
					"DEBUG=1",
					"$(inherited)",
				);
				GCC_WARN_64_TO_32_BIT_CONVERSION = YES;
				GCC_WARN_ABOUT_RETURN_TYPE = YES_ERROR;
				GCC_WARN_UNDECLARED_SELECTOR = YES;
				GCC_WARN_UNINITIALIZED_AUTOS = YES_AGGRESSIVE;
				GCC_WARN_UNUSED_FUNCTION = YES;
				GCC_WARN_UNUSED_VARIABLE = YES;
				IPHONEOS_DEPLOYMENT_TARGET = 9.3;
				MTL_ENABLE_DEBUG_INFO = YES;
				ONLY_ACTIVE_ARCH = YES;
				SDKROOT = iphoneos;
				SWIFT_OPTIMIZATION_LEVEL = "-Onone";
			};
			name = Debug;
		};
		21A3A4F41D108AEC005A7689 /* Release */ = {
			isa = XCBuildConfiguration;
			buildSettings = {
				ALWAYS_SEARCH_USER_PATHS = NO;
				CLANG_ANALYZER_NONNULL = YES;
				CLANG_CXX_LANGUAGE_STANDARD = "gnu++0x";
				CLANG_CXX_LIBRARY = "libc++";
				CLANG_ENABLE_MODULES = YES;
				CLANG_ENABLE_OBJC_ARC = YES;
				CLANG_WARN_BOOL_CONVERSION = YES;
				CLANG_WARN_CONSTANT_CONVERSION = YES;
				CLANG_WARN_DIRECT_OBJC_ISA_USAGE = YES_ERROR;
				CLANG_WARN_EMPTY_BODY = YES;
				CLANG_WARN_ENUM_CONVERSION = YES;
				CLANG_WARN_INT_CONVERSION = YES;
				CLANG_WARN_OBJC_ROOT_CLASS = YES_ERROR;
				CLANG_WARN_UNREACHABLE_CODE = YES;
				CLANG_WARN__DUPLICATE_METHOD_MATCH = YES;
				"CODE_SIGN_IDENTITY[sdk=iphoneos*]" = "iPhone Developer";
				COPY_PHASE_STRIP = NO;
				DEBUG_INFORMATION_FORMAT = "dwarf-with-dsym";
				ENABLE_NS_ASSERTIONS = NO;
				ENABLE_STRICT_OBJC_MSGSEND = YES;
				GCC_C_LANGUAGE_STANDARD = gnu99;
				GCC_NO_COMMON_BLOCKS = YES;
				GCC_WARN_64_TO_32_BIT_CONVERSION = YES;
				GCC_WARN_ABOUT_RETURN_TYPE = YES_ERROR;
				GCC_WARN_UNDECLARED_SELECTOR = YES;
				GCC_WARN_UNINITIALIZED_AUTOS = YES_AGGRESSIVE;
				GCC_WARN_UNUSED_FUNCTION = YES;
				GCC_WARN_UNUSED_VARIABLE = YES;
				IPHONEOS_DEPLOYMENT_TARGET = 9.3;
				MTL_ENABLE_DEBUG_INFO = NO;
				SDKROOT = iphoneos;
				VALIDATE_PRODUCT = YES;
			};
			name = Release;
		};
		21A3A4F61D108AEC005A7689 /* Debug */ = {
			isa = XCBuildConfiguration;
			buildSettings = {
				ASSETCATALOG_COMPILER_APPICON_NAME = AppIcon;
				INFOPLIST_FILE = gitTest/Info.plist;
				LD_RUNPATH_SEARCH_PATHS = "$(inherited) @executable_path/Frameworks";
				PRODUCT_BUNDLE_IDENTIFIER = ramdatla.gitTest;
				PRODUCT_NAME = "$(TARGET_NAME)";
			};
			name = Debug;
		};
		21A3A4F71D108AEC005A7689 /* Release */ = {
			isa = XCBuildConfiguration;
			buildSettings = {
				ASSETCATALOG_COMPILER_APPICON_NAME = AppIcon;
				INFOPLIST_FILE = gitTest/Info.plist;
				LD_RUNPATH_SEARCH_PATHS = "$(inherited) @executable_path/Frameworks";
				PRODUCT_BUNDLE_IDENTIFIER = ramdatla.gitTest;
				PRODUCT_NAME = "$(TARGET_NAME)";
			};
			name = Release;
		};
/* End XCBuildConfiguration section */

/* Begin XCConfigurationList section */
		21A3A4DE1D108AEC005A7689 /* Build configuration list for PBXProject "gitTest" */ = {
			isa = XCConfigurationList;
			buildConfigurations = (
				21A3A4F31D108AEC005A7689 /* Debug */,
				21A3A4F41D108AEC005A7689 /* Release */,
			);
			defaultConfigurationIsVisible = 0;
			defaultConfigurationName = Release;
		};
		21A3A4F51D108AEC005A7689 /* Build configuration list for PBXNativeTarget "gitTest" */ = {
			isa = XCConfigurationList;
			buildConfigurations = (
				21A3A4F61D108AEC005A7689 /* Debug */,
				21A3A4F71D108AEC005A7689 /* Release */,
			);
			defaultConfigurationIsVisible = 0;
		};
/* End XCConfigurationList section */
	};
	rootObject = 21A3A4DB1D108AEC005A7689 /* Project object */;
}
